{
    "hash": "a0af37080c9aebc73141e2dd24ab467a",
    "packages": [
        {
            "name": "kriswallsmith/buzz",
            "version": "v0.7",
            "source": {
                "type": "git",
                "url": "http://github.com/kriswallsmith/Buzz.git",
                "reference": "v0.7"
            },
            "dist": {
                "type": "zip",
                "url": "https://github.com/kriswallsmith/Buzz/zipball/v0.7",
                "reference": "v0.7",
                "shasum": ""
            },
            "require": {
                "php": ">=5.3.0"
            },
            "suggest": {
                "ext-curl": "*"
            },
            "time": "2012-06-25 12:01:38",
            "type": "library",
            "installation-source": "dist",
            "autoload": {
                "psr-0": {
                    "Buzz": "lib/"
                }
            },
            "notification-url": "http://packagist.org/downloads/",
            "license": [
                "MIT"
            ],
            "authors": [
                {
                    "name": "Kris Wallsmith",
                    "email": "kris.wallsmith@gmail.com",
                    "homepage": "http://kriswallsmith.net/"
                }
            ],
            "description": "Lightweight HTTP client",
            "homepage": "https://github.com/kriswallsmith/Buzz",
            "keywords": [
                "curl",
                "http client"
            ]
        },
        {
            "name": "symfony/event-dispatcher",
            "version": "dev-master",
            "target-dir": "Symfony/Component/EventDispatcher",
            "source": {
                "type": "git",
                "url": "https://github.com/symfony/EventDispatcher",
                "reference": "ff78cb85890637367848856e06e564e890890ec7"
            },
            "dist": {
                "type": "zip",
                "url": "https://github.com/symfony/EventDispatcher/archive/ff78cb85890637367848856e06e564e890890ec7.zip",
                "reference": "ff78cb85890637367848856e06e564e890890ec7",
                "shasum": ""
            },
            "require": {
                "php": ">=5.3.3"
            },
            "require-dev": {
                "symfony/dependency-injection": "2.2.*"
            },
            "suggest": {
                "symfony/dependency-injection": "2.2.*",
                "symfony/http-kernel": "2.2.*"
            },
            "time": "2012-12-19 07:09:49",
            "type": "library",
            "extra": {
                "branch-alias": {
                    "dev-master": "2.2-dev"
                }
            },
            "installation-source": "source",
            "autoload": {
                "psr-0": {
                    "Symfony\\Component\\EventDispatcher\\": ""
                }
            },
            "notification-url": "http://packagist.org/downloads/",
            "license": [
                "MIT"
            ],
            "authors": [
                {
                    "name": "Fabien Potencier",
                    "email": "fabien@symfony.com"
                },
                {
                    "name": "Symfony Community",
                    "homepage": "http://symfony.com/contributors"
                }
            ],
            "description": "Symfony EventDispatcher Component",
            "homepage": "http://symfony.com"
        }
    ],
    "packages-dev": [
        {
            "name": "mockery/mockery",
            "version": "0.7.2",
            "source": {
                "type": "git",
                "url": "git://github.com/padraic/mockery.git",
                "reference": "0.7.2"
            },
            "dist": {
                "type": "zip",
                "url": "https://github.com/padraic/mockery/zipball/0.7.2",
                "reference": "0.7.2",
                "shasum": ""
            },
            "require": {
                "php": ">=5.3.2"
            },
            "suggest": {
                "Hamcrest": "1.0.0"
            },
            "time": "2012-01-24 12:22:39",
            "type": "library",
            "installation-source": "dist",
            "autoload": {
                "psr-0": {
                    "Mockery": "library/"
                }
            },
            "notification-url": "http://packagist.org/downloads/",
            "license": [
                "New BSD"
            ],
            "authors": [
                {
                    "name": "Pádraic Brady",
                    "email": "padraic.brady@gmail.com",
                    "homepage": "http://blog.astrumfutura.com"
                }
            ],
            "description": "Mockery is a simple yet flexible PHP mock object framework for use in unit testing with PHPUnit, PHPSpec or any other testing framework. Its core goal is to offer a test double framework with a succint API capable of clearly defining all possible object operations and interactions using a human readable Domain Specific Language (DSL). Designed as a drop in alternative to PHPUnit's phpunit-mock-objects library, Mockery is easy to integrate with PHPUnit and can operate alongside phpunit-mock-objects without the World ending.",
            "homepage": "http://github.com/padraic/mockery",
            "keywords": [
                "testing",
                "library",
                "BDD",
                "TDD",
                "test",
                "mockery",
                "mock",
                "stub",
                "test double",
                "mock objects"
            ]
        },
        {
            "name": "phpspec/php-diff",
            "version": "dev-master",
            "source": {
                "type": "git",
                "url": "https://github.com/phpspec/php-diff.git",
                "reference": "8d82ac415225fac373a4073ba14b1fe286aa2312"
            },
            "dist": {
                "type": "zip",
                "url": "https://github.com/phpspec/php-diff/archive/8d82ac415225fac373a4073ba14b1fe286aa2312.zip",
                "reference": "8d82ac415225fac373a4073ba14b1fe286aa2312",
                "shasum": ""
            },
            "time": "2012-11-08 08:55:45",
            "type": "library",
            "installation-source": "source",
            "autoload": {
                "psr-0": {
                    "Diff": "lib/"
                }
            },
            "notification-url": "http://packagist.org/downloads/",
            "license": [
                "BSD-3-Clause"
            ],
            "authors": [
                {
                    "name": "Chris Boulton",
                    "homepage": "http://github.com/chrisboulton"
                }
            ],
            "description": "A comprehensive library for generating differences between two hashable objects (strings or arrays)."
        },
        {
            "name": "phpspec/phpspec2",
            "version": "dev-develop",
            "source": {
                "type": "git",
                "url": "https://github.com/phpspec/phpspec2.git",
                "reference": "a97b6adbb0ab85d9b9cdd1d242e140302860cfed"
            },
            "dist": {
                "type": "zip",
                "url": "https://github.com/phpspec/phpspec2/archive/a97b6adbb0ab85d9b9cdd1d242e140302860cfed.zip",
                "reference": "a97b6adbb0ab85d9b9cdd1d242e140302860cfed",
                "shasum": ""
            },
            "require": {
                "mockery/mockery": "0.7.*",
                "phpspec/php-diff": "*@dev",
                "php": ">=5.3.3",
                "symfony/console": ">=2.1,<3.0",
                "symfony/event-dispatcher": ">=2.1,<3.0",
                "symfony/finder": ">=2.1,<3.0",
                "symfony/yaml": ">=2.1,<3.0"
            },
            "time": "2012-12-18 09:55:12",
            "bin": [
                "bin/phpspec"
            ],
            "type": "library",
            "extra": {
                "branch-alias": {
                    "dev-develop": "1.0.x-dev"
                }
            },
            "installation-source": "source",
            "autoload": {
                "psr-0": {
                    "PHPSpec2": "src/"
                }
            },
            "notification-url": "http://packagist.org/downloads/",
            "license": [
                "MIT"
            ],
            "authors": [
                {
                    "name": "Konstantin Kudryashov",
                    "email": "ever.zet@gmail.com",
                    "homepage": "http://everzet.com"
                },
                {
                    "name": "Marcello Duarte",
                    "homepage": "http://marcelloduarte.net/"
                }
            ],
            "description": "Specification-oriented BDD framework for PHP 5.3+",
            "homepage": "http://phpspec.net/",
            "keywords": [
                "testing",
                "BDD",
                "TDD",
                "spec",
                "tests",
                "SpecBDD",
                "specification"
            ]
        },
        {
            "name": "symfony/console",
            "version": "dev-master",
            "target-dir": "Symfony/Component/Console",
            "source": {
                "type": "git",
                "url": "https://github.com/symfony/Console",
                "reference": "388ea8dbc1b3e1f96721e2799eb2d037e411a281"
            },
            "dist": {
                "type": "zip",
                "url": "https://github.com/symfony/Console/archive/388ea8dbc1b3e1f96721e2799eb2d037e411a281.zip",
                "reference": "388ea8dbc1b3e1f96721e2799eb2d037e411a281",
                "shasum": ""
            },
            "require": {
                "php": ">=5.3.3"
            },
            "time": "2012-12-19 07:09:49",
            "type": "library",
            "extra": {
                "branch-alias": {
                    "dev-master": "2.2-dev"
                }
            },
            "installation-source": "source",
            "autoload": {
                "psr-0": {
                    "Symfony\\Component\\Console\\": ""
                }
            },
            "notification-url": "http://packagist.org/downloads/",
            "license": [
                "MIT"
            ],
            "authors": [
                {
                    "name": "Fabien Potencier",
                    "email": "fabien@symfony.com"
                },
                {
                    "name": "Symfony Community",
                    "homepage": "http://symfony.com/contributors"
                }
            ],
            "description": "Symfony Console Component",
            "homepage": "http://symfony.com"
        },
        {
            "name": "symfony/finder",
            "version": "dev-master",
            "target-dir": "Symfony/Component/Finder",
            "source": {
                "type": "git",
                "url": "https://github.com/symfony/Finder",
                "reference": "bd672f52f4336df87e665f456c3be1605a2ac75a"
            },
            "dist": {
                "type": "zip",
                "url": "https://github.com/symfony/Finder/archive/bd672f52f4336df87e665f456c3be1605a2ac75a.zip",
                "reference": "bd672f52f4336df87e665f456c3be1605a2ac75a",
                "shasum": ""
            },
            "require": {
                "php": ">=5.3.3"
            },
            "time": "2012-12-20 07:41:17",
            "type": "library",
            "extra": {
                "branch-alias": {
                    "dev-master": "2.2-dev"
                }
            },
            "installation-source": "source",
            "autoload": {
                "psr-0": {
                    "Symfony\\Component\\Finder\\": ""
                }
            },
            "notification-url": "http://packagist.org/downloads/",
            "license": [
                "MIT"
            ],
            "authors": [
                {
                    "name": "Fabien Potencier",
                    "email": "fabien@symfony.com"
                },
                {
                    "name": "Symfony Community",
                    "homepage": "http://symfony.com/contributors"
                }
            ],
            "description": "Symfony Finder Component",
            "homepage": "http://symfony.com"
        },
        {
            "name": "symfony/yaml",
            "version": "dev-master",
            "target-dir": "Symfony/Component/Yaml",
            "source": {
                "type": "git",
                "url": "https://github.com/symfony/Yaml",
                "reference": "365b4df7802b9bb93084d2cc9a51fe88b488f956"
            },
            "dist": {
                "type": "zip",
                "url": "https://github.com/symfony/Yaml/archive/365b4df7802b9bb93084d2cc9a51fe88b488f956.zip",
                "reference": "365b4df7802b9bb93084d2cc9a51fe88b488f956",
                "shasum": ""
            },
            "require": {
                "php": ">=5.3.3"
            },
            "time": "2012-12-19 07:09:49",
            "type": "library",
            "extra": {
                "branch-alias": {
                    "dev-master": "2.2-dev"
                }
            },
            "installation-source": "source",
            "autoload": {
                "psr-0": {
                    "Symfony\\Component\\Yaml\\": ""
                }
            },
            "notification-url": "http://packagist.org/downloads/",
            "license": [
                "MIT"
            ],
            "authors": [
                {
                    "name": "Fabien Potencier",
                    "email": "fabien@symfony.com"
                },
                {
                    "name": "Symfony Community",
                    "homepage": "http://symfony.com/contributors"
                }
            ],
            "description": "Symfony Yaml Component",
            "homepage": "http://symfony.com"
        }
    ],
    "aliases": [

    ],
    "minimum-stability": "dev",
    "stability-flags": {
        "phpspec/phpspec2": 20
    }
}
